
Microsoft Visual Studio Solution File, Format Version 12.00
# Visual Studio Version 17
VisualStudioVersion = 17.11.35312.102
MinimumVisualStudioVersion = 10.0.40219.1
Project("{FAE04EC0-301F-11D3-BF4B-00C04F79EFBC}") = "lesson5", "lesson5\lesson5.csproj", "{FBAC38F0-C09F-42C0-B47D-D1D5EAB40E07}"
EndProject
Global
	GlobalSection(SolutionConfigurationPlatforms) = preSolution
		Debug|Any CPU = Debug|Any CPU
		Release|Any CPU = Release|Any CPU
	EndGlobalSection
	GlobalSection(ProjectConfigurationPlatforms) = postSolution
		{FBAC38F0-C09F-42C0-B47D-D1D5EAB40E07}.Debug|Any CPU.ActiveCfg = Debug|Any CPU
		{FBAC38F0-C09F-42C0-B47D-D1D5EAB40E07}.Debug|Any CPU.Build.0 = Debug|Any CPU
		{FBAC38F0-C09F-42C0-B47D-D1D5EAB40E07}.Release|Any CPU.ActiveCfg = Release|Any CPU
		{FBAC38F0-C09F-42C0-B47D-D1D5EAB40E07}.Release|Any CPU.Build.0 = Release|Any CPU
	EndGlobalSection
	GlobalSection(SolutionProperties) = preSolution
		HideSolutionNode = FALSE
	EndGlobalSection
	GlobalSection(ExtensibilityGlobals) = postSolution
		SolutionGuid = {0653BBC3-9B02-4392-BA71-00CD0E600835}
	EndGlobalSection
EndGlobal
